
Microsoft Visual Studio Solution File, Format Version 12.00
# Visual Studio Version 16
VisualStudioVersion = 16.0.29503.13
MinimumVisualStudioVersion = 10.0.40219.1
Project("{FAE04EC0-301F-11D3-BF4B-00C04F79EFBC}") = "Kokyaku", "Kokyaku\Kokyaku.csproj", "{36C78FF2-C67C-4450-AA0C-3883D41905F7}"
EndProject
Global
	GlobalSection(SolutionConfigurationPlatforms) = preSolution
		Debug|Any CPU = Debug|Any CPU
		Release|Any CPU = Release|Any CPU
	EndGlobalSection
	GlobalSection(ProjectConfigurationPlatforms) = postSolution
		{36C78FF2-C67C-4450-AA0C-3883D41905F7}.Debug|Any CPU.ActiveCfg = Debug|Any CPU
		{36C78FF2-C67C-4450-AA0C-3883D41905F7}.Debug|Any CPU.Build.0 = Debug|Any CPU
		{36C78FF2-C67C-4450-AA0C-3883D41905F7}.Release|Any CPU.ActiveCfg = Release|Any CPU
		{36C78FF2-C67C-4450-AA0C-3883D41905F7}.Release|Any CPU.Build.0 = Release|Any CPU
	EndGlobalSection
	GlobalSection(SolutionProperties) = preSolution
		HideSolutionNode = FALSE
	EndGlobalSection
	GlobalSection(ExtensibilityGlobals) = postSolution
		SolutionGuid = {55049DB7-5CE9-41B0-9269-61E1D9ECD027}
	EndGlobalSection
EndGlobal
