
Microsoft Visual Studio Solution File, Format Version 12.00
# Visual Studio Version 16
VisualStudioVersion = 16.0.30225.117
MinimumVisualStudioVersion = 10.0.40219.1
Project("{FAE04EC0-301F-11D3-BF4B-00C04F79EFBC}") = "ExcelApp1", "ExcelApp1\ExcelApp1.csproj", "{63327321-7F5F-483D-A540-CF5EB312553B}"
EndProject
Global
	GlobalSection(SolutionConfigurationPlatforms) = preSolution
		Debug|Any CPU = Debug|Any CPU
		Release|Any CPU = Release|Any CPU
	EndGlobalSection
	GlobalSection(ProjectConfigurationPlatforms) = postSolution
		{63327321-7F5F-483D-A540-CF5EB312553B}.Debug|Any CPU.ActiveCfg = Debug|Any CPU
		{63327321-7F5F-483D-A540-CF5EB312553B}.Debug|Any CPU.Build.0 = Debug|Any CPU
		{63327321-7F5F-483D-A540-CF5EB312553B}.Release|Any CPU.ActiveCfg = Release|Any CPU
		{63327321-7F5F-483D-A540-CF5EB312553B}.Release|Any CPU.Build.0 = Release|Any CPU
	EndGlobalSection
	GlobalSection(SolutionProperties) = preSolution
		HideSolutionNode = FALSE
	EndGlobalSection
	GlobalSection(ExtensibilityGlobals) = postSolution
		SolutionGuid = {6775705D-7B2F-4943-9A86-FCE8DFF51F07}
	EndGlobalSection
EndGlobal
